
Microsoft Visual Studio Solution File, Format Version 12.00
# Visual Studio Version 18
VisualStudioVersion = 18.2.11415.280 d18.0
MinimumVisualStudioVersion = 10.0.40219.1
Project("{FAE04EC0-301F-11D3-BF4B-00C04F79EFBC}") = "SignalRBackend", "SignalRBackend.csproj", "{6086EAEC-ACDC-163A-CCE7-3D9237A203EC}"
EndProject
Global
	GlobalSection(SolutionConfigurationPlatforms) = preSolution
		Debug|Any CPU = Debug|Any CPU
		Release|Any CPU = Release|Any CPU
	EndGlobalSection
	GlobalSection(ProjectConfigurationPlatforms) = postSolution
		{6086EAEC-ACDC-163A-CCE7-3D9237A203EC}.Debug|Any CPU.ActiveCfg = Debug|Any CPU
		{6086EAEC-ACDC-163A-CCE7-3D9237A203EC}.Debug|Any CPU.Build.0 = Debug|Any CPU
		{6086EAEC-ACDC-163A-CCE7-3D9237A203EC}.Release|Any CPU.ActiveCfg = Release|Any CPU
		{6086EAEC-ACDC-163A-CCE7-3D9237A203EC}.Release|Any CPU.Build.0 = Release|Any CPU
	EndGlobalSection
	GlobalSection(SolutionProperties) = preSolution
		HideSolutionNode = FALSE
	EndGlobalSection
	GlobalSection(ExtensibilityGlobals) = postSolution
		SolutionGuid = {1B2374BD-589B-4358-BD6B-E7525575456F}
	EndGlobalSection
EndGlobal
